// !$*UTF8*$!
{
	archiveVersion = 1;
	classes = {
	};
	objectVersion = 50;
	objects = {

/* Begin PBXBuildFile section */
		2530ABBF2675CC4F0081CA89 /* AssignmentStatusUpdateApp.swift in Sources */ = {isa = PBXBuildFile; fileRef = 2530ABAC2675CC4A0081CA89 /* AssignmentStatusUpdateApp.swift */; };
		2530ABC02675CC4F0081CA89 /* AssignmentStatusUpdateApp.swift in Sources */ = {isa = PBXBuildFile; fileRef = 2530ABAC2675CC4A0081CA89 /* AssignmentStatusUpdateApp.swift */; };
		2530ABC12675CC4F0081CA89 /* ContentView.swift in Sources */ = {isa = PBXBuildFile; fileRef = 2530ABAD2675CC4A0081CA89 /* ContentView.swift */; };
		2530ABC22675CC4F0081CA89 /* ContentView.swift in Sources */ = {isa = PBXBuildFile; fileRef = 2530ABAD2675CC4A0081CA89 /* ContentView.swift */; };
		2530ABC32675CC4F0081CA89 /* Assets.xcassets in Resources */ = {isa = PBXBuildFile; fileRef = 2530ABAE2675CC4F0081CA89 /* Assets.xcassets */; };
		2530ABC42675CC4F0081CA89 /* Assets.xcassets in Resources */ = {isa = PBXBuildFile; fileRef = 2530ABAE2675CC4F0081CA89 /* Assets.xcassets */; };
		2530ABD42675CFE20081CA89 /* UpdateManager.swift in Sources */ = {isa = PBXBuildFile; fileRef = 2530ABD32675CFE20081CA89 /* UpdateManager.swift */; };
		2530ABD52675CFE20081CA89 /* UpdateManager.swift in Sources */ = {isa = PBXBuildFile; fileRef = 2530ABD32675CFE20081CA89 /* UpdateManager.swift */; };
		2530ABDA2675D41A0081CA89 /* Kinjo Doc 2.csv in Resources */ = {isa = PBXBuildFile; fileRef = 2530ABD82675D41A0081CA89 /* Kinjo Doc 2.csv */; };
		2530ABDB2675D41A0081CA89 /* Kinjo Doc 2.csv in Resources */ = {isa = PBXBuildFile; fileRef = 2530ABD82675D41A0081CA89 /* Kinjo Doc 2.csv */; };
		2530ABDC2675D41A0081CA89 /* Kinjo Doc 3.csv in Resources */ = {isa = PBXBuildFile; fileRef = 2530ABD92675D41A0081CA89 /* Kinjo Doc 3.csv */; };
		2530ABDD2675D41A0081CA89 /* Kinjo Doc 3.csv in Resources */ = {isa = PBXBuildFile; fileRef = 2530ABD92675D41A0081CA89 /* Kinjo Doc 3.csv */; };
/* End PBXBuildFile section */

/* Begin PBXFileReference section */
		2530ABAC2675CC4A0081CA89 /* AssignmentStatusUpdateApp.swift */ = {isa = PBXFileReference; lastKnownFileType = sourcecode.swift; path = AssignmentStatusUpdateApp.swift; sourceTree = "<group>"; };
		2530ABAD2675CC4A0081CA89 /* ContentView.swift */ = {isa = PBXFileReference; lastKnownFileType = sourcecode.swift; path = ContentView.swift; sourceTree = "<group>"; };
		2530ABAE2675CC4F0081CA89 /* Assets.xcassets */ = {isa = PBXFileReference; lastKnownFileType = folder.assetcatalog; path = Assets.xcassets; sourceTree = "<group>"; };
		2530ABB32675CC4F0081CA89 /* AssignmentStatusUpdate.app */ = {isa = PBXFileReference; explicitFileType = wrapper.application; includeInIndex = 0; path = AssignmentStatusUpdate.app; sourceTree = BUILT_PRODUCTS_DIR; };
		2530ABB62675CC4F0081CA89 /* Info.plist */ = {isa = PBXFileReference; lastKnownFileType = text.plist.xml; path = Info.plist; sourceTree = "<group>"; };
		2530ABBB2675CC4F0081CA89 /* AssignmentStatusUpdate.app */ = {isa = PBXFileReference; explicitFileType = wrapper.application; includeInIndex = 0; path = AssignmentStatusUpdate.app; sourceTree = BUILT_PRODUCTS_DIR; };
		2530ABBD2675CC4F0081CA89 /* Info.plist */ = {isa = PBXFileReference; lastKnownFileType = text.plist.xml; path = Info.plist; sourceTree = "<group>"; };
		2530ABBE2675CC4F0081CA89 /* macOS.entitlements */ = {isa = PBXFileReference; lastKnownFileType = text.plist.entitlements; path = macOS.entitlements; sourceTree = "<group>"; };
		2530ABD32675CFE20081CA89 /* UpdateManager.swift */ = {isa = PBXFileReference; lastKnownFileType = sourcecode.swift; path = UpdateManager.swift; sourceTree = "<group>"; };
		2530ABD82675D41A0081CA89 /* Kinjo Doc 2.csv */ = {isa = PBXFileReference; fileEncoding = 4; lastKnownFileType = text; path = "Kinjo Doc 2.csv"; sourceTree = "<group>"; };
		2530ABD92675D41A0081CA89 /* Kinjo Doc 3.csv */ = {isa = PBXFileReference; fileEncoding = 4; lastKnownFileType = text; path = "Kinjo Doc 3.csv"; sourceTree = "<group>"; };
		2530ABE726772BD30081CA89 /* README.md */ = {isa = PBXFileReference; lastKnownFileType = net.daringfireball.markdown; path = README.md; sourceTree = "<group>"; };
/* End PBXFileReference section */

/* Begin PBXFrameworksBuildPhase section */
		2530ABB02675CC4F0081CA89 /* Frameworks */ = {
			isa = PBXFrameworksBuildPhase;
			buildActionMask = 2147483647;
			files = (
			);
			runOnlyForDeploymentPostprocessing = 0;
		};
		2530ABB82675CC4F0081CA89 /* Frameworks */ = {
			isa = PBXFrameworksBuildPhase;
			buildActionMask = 2147483647;
			files = (
			);
			runOnlyForDeploymentPostprocessing = 0;
		};
/* End PBXFrameworksBuildPhase section */

/* Begin PBXGroup section */
		2530ABA62675CC490081CA89 = {
			isa = PBXGroup;
			children = (
				2530ABE726772BD30081CA89 /* README.md */,
				2530ABAB2675CC4A0081CA89 /* Shared */,
				2530ABB52675CC4F0081CA89 /* iOS */,
				2530ABBC2675CC4F0081CA89 /* macOS */,
				2530ABB42675CC4F0081CA89 /* Products */,
			);
			sourceTree = "<group>";
		};
		2530ABAB2675CC4A0081CA89 /* Shared */ = {
			isa = PBXGroup;
			children = (
				2530ABAC2675CC4A0081CA89 /* AssignmentStatusUpdateApp.swift */,
				2530ABAD2675CC4A0081CA89 /* ContentView.swift */,
				2530ABD32675CFE20081CA89 /* UpdateManager.swift */,
				2530ABD82675D41A0081CA89 /* Kinjo Doc 2.csv */,
				2530ABD92675D41A0081CA89 /* Kinjo Doc 3.csv */,
				2530ABAE2675CC4F0081CA89 /* Assets.xcassets */,
			);
			path = Shared;
			sourceTree = "<group>";
		};
		2530ABB42675CC4F0081CA89 /* Products */ = {
			isa = PBXGroup;
			children = (
				2530ABB32675CC4F0081CA89 /* AssignmentStatusUpdate.app */,
				2530ABBB2675CC4F0081CA89 /* AssignmentStatusUpdate.app */,
			);
			name = Products;
			sourceTree = "<group>";
		};
		2530ABB52675CC4F0081CA89 /* iOS */ = {
			isa = PBXGroup;
			children = (
				2530ABB62675CC4F0081CA89 /* Info.plist */,
			);
			path = iOS;
			sourceTree = "<group>";
		};
		2530ABBC2675CC4F0081CA89 /* macOS */ = {
			isa = PBXGroup;
			children = (
				2530ABBD2675CC4F0081CA89 /* Info.plist */,
				2530ABBE2675CC4F0081CA89 /* macOS.entitlements */,
			);
			path = macOS;
			sourceTree = "<group>";
		};
/* End PBXGroup section */

/* Begin PBXNativeTarget section */
		2530ABB22675CC4F0081CA89 /* AssignmentStatusUpdate (iOS) */ = {
			isa = PBXNativeTarget;
			buildConfigurationList = 2530ABC72675CC4F0081CA89 /* Build configuration list for PBXNativeTarget "AssignmentStatusUpdate (iOS)" */;
			buildPhases = (
				2530ABAF2675CC4F0081CA89 /* Sources */,
				2530ABB02675CC4F0081CA89 /* Frameworks */,
				2530ABB12675CC4F0081CA89 /* Resources */,
			);
			buildRules = (
			);
			dependencies = (
			);
			name = "AssignmentStatusUpdate (iOS)";
			productName = "AssignmentStatusUpdate (iOS)";
			productReference = 2530ABB32675CC4F0081CA89 /* AssignmentStatusUpdate.app */;
			productType = "com.apple.product-type.application";
		};
		2530ABBA2675CC4F0081CA89 /* AssignmentStatusUpdate (macOS) */ = {
			isa = PBXNativeTarget;
			buildConfigurationList = 2530ABCA2675CC4F0081CA89 /* Build configuration list for PBXNativeTarget "AssignmentStatusUpdate (macOS)" */;
			buildPhases = (
				2530ABB72675CC4F0081CA89 /* Sources */,
				2530ABB82675CC4F0081CA89 /* Frameworks */,
				2530ABB92675CC4F0081CA89 /* Resources */,
			);
			buildRules = (
			);
			dependencies = (
			);
			name = "AssignmentStatusUpdate (macOS)";
			productName = "AssignmentStatusUpdate (macOS)";
			productReference = 2530ABBB2675CC4F0081CA89 /* AssignmentStatusUpdate.app */;
			productType = "com.apple.product-type.application";
		};
/* End PBXNativeTarget section */

/* Begin PBXProject section */
		2530ABA72675CC490081CA89 /* Project object */ = {
			isa = PBXProject;
			attributes = {
				LastSwiftUpdateCheck = 1240;
				LastUpgradeCheck = 1240;
				TargetAttributes = {
					2530ABB22675CC4F0081CA89 = {
						CreatedOnToolsVersion = 12.4;
					};
					2530ABBA2675CC4F0081CA89 = {
						CreatedOnToolsVersion = 12.4;
					};
				};
			};
			buildConfigurationList = 2530ABAA2675CC490081CA89 /* Build configuration list for PBXProject "AssignmentStatusUpdate" */;
			compatibilityVersion = "Xcode 9.3";
			developmentRegion = en;
			hasScannedForEncodings = 0;
			knownRegions = (
				en,
				Base,
			);
			mainGroup = 2530ABA62675CC490081CA89;
			productRefGroup = 2530ABB42675CC4F0081CA89 /* Products */;
			projectDirPath = "";
			projectRoot = "";
			targets = (
				2530ABB22675CC4F0081CA89 /* AssignmentStatusUpdate (iOS) */,
				2530ABBA2675CC4F0081CA89 /* AssignmentStatusUpdate (macOS) */,
			);
		};
/* End PBXProject section */

/* Begin PBXResourcesBuildPhase section */
		2530ABB12675CC4F0081CA89 /* Resources */ = {
			isa = PBXResourcesBuildPhase;
			buildActionMask = 2147483647;
			files = (
				2530ABDA2675D41A0081CA89 /* Kinjo Doc 2.csv in Resources */,
				2530ABDC2675D41A0081CA89 /* Kinjo Doc 3.csv in Resources */,
				2530ABC32675CC4F0081CA89 /* Assets.xcassets in Resources */,
			);
			runOnlyForDeploymentPostprocessing = 0;
		};
		2530ABB92675CC4F0081CA89 /* Resources */ = {
			isa = PBXResourcesBuildPhase;
			buildActionMask = 2147483647;
			files = (
				2530ABDB2675D41A0081CA89 /* Kinjo Doc 2.csv in Resources */,
				2530ABDD2675D41A0081CA89 /* Kinjo Doc 3.csv in Resources */,
				2530ABC42675CC4F0081CA89 /* Assets.xcassets in Resources */,
			);
			runOnlyForDeploymentPostprocessing = 0;
		};
/* End PBXResourcesBuildPhase section */

/* Begin PBXSourcesBuildPhase section */
		2530ABAF2675CC4F0081CA89 /* Sources */ = {
			isa = PBXSourcesBuildPhase;
			buildActionMask = 2147483647;
			files = (
				2530ABC12675CC4F0081CA89 /* ContentView.swift in Sources */,
				2530ABBF2675CC4F0081CA89 /* AssignmentStatusUpdateApp.swift in Sources */,
				2530ABD42675CFE20081CA89 /* UpdateManager.swift in Sources */,
			);
			runOnlyForDeploymentPostprocessing = 0;
		};
		2530ABB72675CC4F0081CA89 /* Sources */ = {
			isa = PBXSourcesBuildPhase;
			buildActionMask = 2147483647;
			files = (
				2530ABC22675CC4F0081CA89 /* ContentView.swift in Sources */,
				2530ABC02675CC4F0081CA89 /* AssignmentStatusUpdateApp.swift in Sources */,
				2530ABD52675CFE20081CA89 /* UpdateManager.swift in Sources */,
			);
			runOnlyForDeploymentPostprocessing = 0;
		};
/* End PBXSourcesBuildPhase section */

/* Begin XCBuildConfiguration section */
		2530ABC52675CC4F0081CA89 /* Debug */ = {
			isa = XCBuildConfiguration;
			buildSettings = {
				ALWAYS_SEARCH_USER_PATHS = NO;
				CLANG_ANALYZER_NONNULL = YES;
				CLANG_ANALYZER_NUMBER_OBJECT_CONVERSION = YES_AGGRESSIVE;
				CLANG_CXX_LANGUAGE_STANDARD = "gnu++14";
				CLANG_CXX_LIBRARY = "libc++";
				CLANG_ENABLE_MODULES = YES;
				CLANG_ENABLE_OBJC_ARC = YES;
				CLANG_ENABLE_OBJC_WEAK = YES;
				CLANG_WARN_BLOCK_CAPTURE_AUTORELEASING = YES;
				CLANG_WARN_BOOL_CONVERSION = YES;
				CLANG_WARN_COMMA = YES;
				CLANG_WARN_CONSTANT_CONVERSION = YES;
				CLANG_WARN_DEPRECATED_OBJC_IMPLEMENTATIONS = YES;
				CLANG_WARN_DIRECT_OBJC_ISA_USAGE = YES_ERROR;
				CLANG_WARN_DOCUMENTATION_COMMENTS = YES;
				CLANG_WARN_EMPTY_BODY = YES;
				CLANG_WARN_ENUM_CONVERSION = YES;
				CLANG_WARN_INFINITE_RECURSION = YES;
				CLANG_WARN_INT_CONVERSION = YES;
				CLANG_WARN_NON_LITERAL_NULL_CONVERSION = YES;
				CLANG_WARN_OBJC_IMPLICIT_RETAIN_SELF = YES;
				CLANG_WARN_OBJC_LITERAL_CONVERSION = YES;
				CLANG_WARN_OBJC_ROOT_CLASS = YES_ERROR;
				CLANG_WARN_QUOTED_INCLUDE_IN_FRAMEWORK_HEADER = YES;
				CLANG_WARN_RANGE_LOOP_ANALYSIS = YES;
				CLANG_WARN_STRICT_PROTOTYPES = YES;
				CLANG_WARN_SUSPICIOUS_MOVE = YES;
				CLANG_WARN_UNGUARDED_AVAILABILITY = YES_AGGRESSIVE;
				CLANG_WARN_UNREACHABLE_CODE = YES;
				CLANG_WARN__DUPLICATE_METHOD_MATCH = YES;
				COPY_PHASE_STRIP = NO;
				DEBUG_INFORMATION_FORMAT = dwarf;
				ENABLE_STRICT_OBJC_MSGSEND = YES;
				ENABLE_TESTABILITY = YES;
				GCC_C_LANGUAGE_STANDARD = gnu11;
				GCC_DYNAMIC_NO_PIC = NO;
				GCC_NO_COMMON_BLOCKS = YES;
				GCC_OPTIMIZATION_LEVEL = 0;
				GCC_PREPROCESSOR_DEFINITIONS = (
					"DEBUG=1",
					"$(inherited)",
				);
				GCC_WARN_64_TO_32_BIT_CONVERSION = YES;
				GCC_WARN_ABOUT_RETURN_TYPE = YES_ERROR;
				GCC_WARN_UNDECLARED_SELECTOR = YES;
				GCC_WARN_UNINITIALIZED_AUTOS = YES_AGGRESSIVE;
				GCC_WARN_UNUSED_FUNCTION = YES;
				GCC_WARN_UNUSED_VARIABLE = YES;
				MTL_ENABLE_DEBUG_INFO = INCLUDE_SOURCE;
				MTL_FAST_MATH = YES;
				ONLY_ACTIVE_ARCH = YES;
				SWIFT_ACTIVE_COMPILATION_CONDITIONS = DEBUG;
				SWIFT_OPTIMIZATION_LEVEL = "-Onone";
			};
			name = Debug;
		};
		2530ABC62675CC4F0081CA89 /* Release */ = {
			isa = XCBuildConfiguration;
			buildSettings = {
				ALWAYS_SEARCH_USER_PATHS = NO;
				CLANG_ANALYZER_NONNULL = YES;
				CLANG_ANALYZER_NUMBER_OBJECT_CONVERSION = YES_AGGRESSIVE;
				CLANG_CXX_LANGUAGE_STANDARD = "gnu++14";
				CLANG_CXX_LIBRARY = "libc++";
				CLANG_ENABLE_MODULES = YES;
				CLANG_ENABLE_OBJC_ARC = YES;
				CLANG_ENABLE_OBJC_WEAK = YES;
				CLANG_WARN_BLOCK_CAPTURE_AUTORELEASING = YES;
				CLANG_WARN_BOOL_CONVERSION = YES;
				CLANG_WARN_COMMA = YES;
				CLANG_WARN_CONSTANT_CONVERSION = YES;
				CLANG_WARN_DEPRECATED_OBJC_IMPLEMENTATIONS = YES;
				CLANG_WARN_DIRECT_OBJC_ISA_USAGE = YES_ERROR;
				CLANG_WARN_DOCUMENTATION_COMMENTS = YES;
				CLANG_WARN_EMPTY_BODY = YES;
				CLANG_WARN_ENUM_CONVERSION = YES;
				CLANG_WARN_INFINITE_RECURSION = YES;
				CLANG_WARN_INT_CONVERSION = YES;
				CLANG_WARN_NON_LITERAL_NULL_CONVERSION = YES;
				CLANG_WARN_OBJC_IMPLICIT_RETAIN_SELF = YES;
				CLANG_WARN_OBJC_LITERAL_CONVERSION = YES;
				CLANG_WARN_OBJC_ROOT_CLASS = YES_ERROR;
				CLANG_WARN_QUOTED_INCLUDE_IN_FRAMEWORK_HEADER = YES;
				CLANG_WARN_RANGE_LOOP_ANALYSIS = YES;
				CLANG_WARN_STRICT_PROTOTYPES = YES;
				CLANG_WARN_SUSPICIOUS_MOVE = YES;
				CLANG_WARN_UNGUARDED_AVAILABILITY = YES_AGGRESSIVE;
				CLANG_WARN_UNREACHABLE_CODE = YES;
				CLANG_WARN__DUPLICATE_METHOD_MATCH = YES;
				COPY_PHASE_STRIP = NO;
				DEBUG_INFORMATION_FORMAT = "dwarf-with-dsym";
				ENABLE_NS_ASSERTIONS = NO;
				ENABLE_STRICT_OBJC_MSGSEND = YES;
				GCC_C_LANGUAGE_STANDARD = gnu11;
				GCC_NO_COMMON_BLOCKS = YES;
				GCC_WARN_64_TO_32_BIT_CONVERSION = YES;
				GCC_WARN_ABOUT_RETURN_TYPE = YES_ERROR;
				GCC_WARN_UNDECLARED_SELECTOR = YES;
				GCC_WARN_UNINITIALIZED_AUTOS = YES_AGGRESSIVE;
				GCC_WARN_UNUSED_FUNCTION = YES;
				GCC_WARN_UNUSED_VARIABLE = YES;
				MTL_ENABLE_DEBUG_INFO = NO;
				MTL_FAST_MATH = YES;
				SWIFT_COMPILATION_MODE = wholemodule;
				SWIFT_OPTIMIZATION_LEVEL = "-O";
			};
			name = Release;
		};
		2530ABC82675CC4F0081CA89 /* Debug */ = {
			isa = XCBuildConfiguration;
			buildSettings = {
				ASSETCATALOG_COMPILER_APPICON_NAME = AppIcon;
				ASSETCATALOG_COMPILER_GLOBAL_ACCENT_COLOR_NAME = AccentColor;
				CODE_SIGN_STYLE = Automatic;
				DEVELOPMENT_TEAM = NJ7V5DU8KW;
				ENABLE_PREVIEWS = YES;
				INFOPLIST_FILE = iOS/Info.plist;
				IPHONEOS_DEPLOYMENT_TARGET = 14.0;
				LD_RUNPATH_SEARCH_PATHS = (
					"$(inherited)",
					"@executable_path/Frameworks",
				);
				PRODUCT_BUNDLE_IDENTIFIER = com.myke.AssignmentStatusUpdate;
				PRODUCT_NAME = AssignmentStatusUpdate;
				SDKROOT = iphoneos;
				SWIFT_VERSION = 5.0;
				TARGETED_DEVICE_FAMILY = "1,2";
			};
			name = Debug;
		};
		2530ABC92675CC4F0081CA89 /* Release */ = {
			isa = XCBuildConfiguration;
			buildSettings = {
				ASSETCATALOG_COMPILER_APPICON_NAME = AppIcon;
				ASSETCATALOG_COMPILER_GLOBAL_ACCENT_COLOR_NAME = AccentColor;
				CODE_SIGN_STYLE = Automatic;
				DEVELOPMENT_TEAM = NJ7V5DU8KW;
				ENABLE_PREVIEWS = YES;
				INFOPLIST_FILE = iOS/Info.plist;
				IPHONEOS_DEPLOYMENT_TARGET = 14.0;
				LD_RUNPATH_SEARCH_PATHS = (
					"$(inherited)",
					"@executable_path/Frameworks",
				);
				PRODUCT_BUNDLE_IDENTIFIER = com.myke.AssignmentStatusUpdate;
				PRODUCT_NAME = AssignmentStatusUpdate;
				SDKROOT = iphoneos;
				SWIFT_VERSION = 5.0;
				TARGETED_DEVICE_FAMILY = "1,2";
				VALIDATE_PRODUCT = YES;
			};
			name = Release;
		};
		2530ABCB2675CC4F0081CA89 /* Debug */ = {
			isa = XCBuildConfiguration;
			buildSettings = {
				ASSETCATALOG_COMPILER_APPICON_NAME = AppIcon;
				ASSETCATALOG_COMPILER_GLOBAL_ACCENT_COLOR_NAME = AccentColor;
				CODE_SIGN_ENTITLEMENTS = macOS/macOS.entitlements;
				CODE_SIGN_STYLE = Automatic;
				COMBINE_HIDPI_IMAGES = YES;
				DEVELOPMENT_TEAM = NJ7V5DU8KW;
				ENABLE_HARDENED_RUNTIME = YES;
				ENABLE_PREVIEWS = YES;
				INFOPLIST_FILE = macOS/Info.plist;
				LD_RUNPATH_SEARCH_PATHS = (
					"$(inherited)",
					"@executable_path/../Frameworks",
				);
				MACOSX_DEPLOYMENT_TARGET = 11.0;
				PRODUCT_BUNDLE_IDENTIFIER = com.myke.AssignmentStatusUpdate;
				PRODUCT_NAME = AssignmentStatusUpdate;
				SDKROOT = macosx;
				SWIFT_VERSION = 5.0;
			};
			name = Debug;
		};
		2530ABCC2675CC4F0081CA89 /* Release */ = {
			isa = XCBuildConfiguration;
			buildSettings = {
				ASSETCATALOG_COMPILER_APPICON_NAME = AppIcon;
				ASSETCATALOG_COMPILER_GLOBAL_ACCENT_COLOR_NAME = AccentColor;
				CODE_SIGN_ENTITLEMENTS = macOS/macOS.entitlements;
				CODE_SIGN_STYLE = Automatic;
				COMBINE_HIDPI_IMAGES = YES;
				DEVELOPMENT_TEAM = NJ7V5DU8KW;
				ENABLE_HARDENED_RUNTIME = YES;
				ENABLE_PREVIEWS = YES;
				INFOPLIST_FILE = macOS/Info.plist;
				LD_RUNPATH_SEARCH_PATHS = (
					"$(inherited)",
					"@executable_path/../Frameworks",
				);
				MACOSX_DEPLOYMENT_TARGET = 11.0;
				PRODUCT_BUNDLE_IDENTIFIER = com.myke.AssignmentStatusUpdate;
				PRODUCT_NAME = AssignmentStatusUpdate;
				SDKROOT = macosx;
				SWIFT_VERSION = 5.0;
			};
			name = Release;
		};
/* End XCBuildConfiguration section */

/* Begin XCConfigurationList section */
		2530ABAA2675CC490081CA89 /* Build configuration list for PBXProject "AssignmentStatusUpdate" */ = {
			isa = XCConfigurationList;
			buildConfigurations = (
				2530ABC52675CC4F0081CA89 /* Debug */,
				2530ABC62675CC4F0081CA89 /* Release */,
			);
			defaultConfigurationIsVisible = 0;
			defaultConfigurationName = Release;
		};
		2530ABC72675CC4F0081CA89 /* Build configuration list for PBXNativeTarget "AssignmentStatusUpdate (iOS)" */ = {
			isa = XCConfigurationList;
			buildConfigurations = (
				2530ABC82675CC4F0081CA89 /* Debug */,
				2530ABC92675CC4F0081CA89 /* Release */,
			);
			defaultConfigurationIsVisible = 0;
			defaultConfigurationName = Release;
		};
		2530ABCA2675CC4F0081CA89 /* Build configuration list for PBXNativeTarget "AssignmentStatusUpdate (macOS)" */ = {
			isa = XCConfigurationList;
			buildConfigurations = (
				2530ABCB2675CC4F0081CA89 /* Debug */,
				2530ABCC2675CC4F0081CA89 /* Release */,
			);
			defaultConfigurationIsVisible = 0;
			defaultConfigurationName = Release;
		};
/* End XCConfigurationList section */
	};
	rootObject = 2530ABA72675CC490081CA89 /* Project object */;
}
